
Microsoft Visual Studio Solution File, Format Version 12.00
# Visual Studio 2013
VisualStudioVersion = 12.0.31101.0
MinimumVisualStudioVersion = 10.0.40219.1
Project("{FAE04EC0-301F-11D3-BF4B-00C04F79EFBC}") = "MvcPool", "MvcPool\MvcPool.csproj", "{C9501475-FB78-4877-A6C7-A20A8BB89143}"
EndProject
Project("{FAE04EC0-301F-11D3-BF4B-00C04F79EFBC}") = "MvcPool.Tests", "MvcPool.Tests\MvcPool.Tests.csproj", "{9ED59509-70E9-47CC-9BCD-41018F9293E8}"
EndProject
Project("{00D1A9C2-B5F0-4AF3-8072-F6C62B433612}") = "MvcPoolDb", "MvcPoolDb\MvcPoolDb.sqlproj", "{D7AD9E9C-C049-4CBC-8A6C-5F8E4B2C9A79}"
EndProject
Global
	GlobalSection(SolutionConfigurationPlatforms) = preSolution
		Debug|Any CPU = Debug|Any CPU
		Release|Any CPU = Release|Any CPU
	EndGlobalSection
	GlobalSection(ProjectConfigurationPlatforms) = postSolution
		{C9501475-FB78-4877-A6C7-A20A8BB89143}.Debug|Any CPU.ActiveCfg = Debug|Any CPU
		{C9501475-FB78-4877-A6C7-A20A8BB89143}.Debug|Any CPU.Build.0 = Debug|Any CPU
		{C9501475-FB78-4877-A6C7-A20A8BB89143}.Release|Any CPU.ActiveCfg = Release|Any CPU
		{C9501475-FB78-4877-A6C7-A20A8BB89143}.Release|Any CPU.Build.0 = Release|Any CPU
		{9ED59509-70E9-47CC-9BCD-41018F9293E8}.Debug|Any CPU.ActiveCfg = Debug|Any CPU
		{9ED59509-70E9-47CC-9BCD-41018F9293E8}.Debug|Any CPU.Build.0 = Debug|Any CPU
		{9ED59509-70E9-47CC-9BCD-41018F9293E8}.Release|Any CPU.ActiveCfg = Release|Any CPU
		{9ED59509-70E9-47CC-9BCD-41018F9293E8}.Release|Any CPU.Build.0 = Release|Any CPU
		{D7AD9E9C-C049-4CBC-8A6C-5F8E4B2C9A79}.Debug|Any CPU.ActiveCfg = Debug|Any CPU
		{D7AD9E9C-C049-4CBC-8A6C-5F8E4B2C9A79}.Debug|Any CPU.Build.0 = Debug|Any CPU
		{D7AD9E9C-C049-4CBC-8A6C-5F8E4B2C9A79}.Debug|Any CPU.Deploy.0 = Debug|Any CPU
		{D7AD9E9C-C049-4CBC-8A6C-5F8E4B2C9A79}.Release|Any CPU.ActiveCfg = Release|Any CPU
		{D7AD9E9C-C049-4CBC-8A6C-5F8E4B2C9A79}.Release|Any CPU.Build.0 = Release|Any CPU
		{D7AD9E9C-C049-4CBC-8A6C-5F8E4B2C9A79}.Release|Any CPU.Deploy.0 = Release|Any CPU
	EndGlobalSection
	GlobalSection(SolutionProperties) = preSolution
		HideSolutionNode = FALSE
	EndGlobalSection
EndGlobal
